// !$*UTF8*$!
{
	archiveVersion = 1;
	classes = {
	};
	objectVersion = 46;
	objects = {

/* Begin PBXBuildFile section */
		00AD89041B2C981400B3C6C3 /* ScopeController.swift in Sources */ = {isa = PBXBuildFile; fileRef = 00AD89031B2C981400B3C6C3 /* ScopeController.swift */; };
		00AD89061B2C983600B3C6C3 /* ScopeBarView.swift in Sources */ = {isa = PBXBuildFile; fileRef = 00AD89051B2C983600B3C6C3 /* ScopeBarView.swift */; };
		00C4856C1B2C8C0000EE8CED /* AppDelegate.swift in Sources */ = {isa = PBXBuildFile; fileRef = 00C4856B1B2C8C0000EE8CED /* AppDelegate.swift */; };
		00C4856E1B2C8C0000EE8CED /* ViewController.swift in Sources */ = {isa = PBXBuildFile; fileRef = 00C4856D1B2C8C0000EE8CED /* ViewController.swift */; };
		00C485711B2C8C0000EE8CED /* Main.storyboard in Resources */ = {isa = PBXBuildFile; fileRef = 00C4856F1B2C8C0000EE8CED /* Main.storyboard */; };
		00C485731B2C8C0000EE8CED /* Images.xcassets in Resources */ = {isa = PBXBuildFile; fileRef = 00C485721B2C8C0000EE8CED /* Images.xcassets */; };
		00C485761B2C8C0000EE8CED /* LaunchScreen.xib in Resources */ = {isa = PBXBuildFile; fileRef = 00C485741B2C8C0000EE8CED /* LaunchScreen.xib */; };
		00C485821B2C8C0000EE8CED /* ScopeTests.swift in Sources */ = {isa = PBXBuildFile; fileRef = 00C485811B2C8C0000EE8CED /* ScopeTests.swift */; };
/* End PBXBuildFile section */

/* Begin PBXContainerItemProxy section */
		00C4857C1B2C8C0000EE8CED /* PBXContainerItemProxy */ = {
			isa = PBXContainerItemProxy;
			containerPortal = 00C4855E1B2C8C0000EE8CED /* Project object */;
			proxyType = 1;
			remoteGlobalIDString = 00C485651B2C8C0000EE8CED;
			remoteInfo = Scope;
		};
/* End PBXContainerItemProxy section */

/* Begin PBXFileReference section */
		00AD89031B2C981400B3C6C3 /* ScopeController.swift */ = {isa = PBXFileReference; fileEncoding = 4; lastKnownFileType = sourcecode.swift; path = ScopeController.swift; sourceTree = "<group>"; };
		00AD89051B2C983600B3C6C3 /* ScopeBarView.swift */ = {isa = PBXFileReference; fileEncoding = 4; lastKnownFileType = sourcecode.swift; path = ScopeBarView.swift; sourceTree = "<group>"; };
		00C485661B2C8C0000EE8CED /* Scope.app */ = {isa = PBXFileReference; explicitFileType = wrapper.application; includeInIndex = 0; path = Scope.app; sourceTree = BUILT_PRODUCTS_DIR; };
		00C4856A1B2C8C0000EE8CED /* Info.plist */ = {isa = PBXFileReference; lastKnownFileType = text.plist.xml; path = Info.plist; sourceTree = "<group>"; };
		00C4856B1B2C8C0000EE8CED /* AppDelegate.swift */ = {isa = PBXFileReference; lastKnownFileType = sourcecode.swift; path = AppDelegate.swift; sourceTree = "<group>"; };
		00C4856D1B2C8C0000EE8CED /* ViewController.swift */ = {isa = PBXFileReference; lastKnownFileType = sourcecode.swift; path = ViewController.swift; sourceTree = "<group>"; };
		00C485701B2C8C0000EE8CED /* Base */ = {isa = PBXFileReference; lastKnownFileType = file.storyboard; name = Base; path = Base.lproj/Main.storyboard; sourceTree = "<group>"; };
		00C485721B2C8C0000EE8CED /* Images.xcassets */ = {isa = PBXFileReference; lastKnownFileType = folder.assetcatalog; path = Images.xcassets; sourceTree = "<group>"; };
		00C485751B2C8C0000EE8CED /* Base */ = {isa = PBXFileReference; lastKnownFileType = file.xib; name = Base; path = Base.lproj/LaunchScreen.xib; sourceTree = "<group>"; };
		00C4857B1B2C8C0000EE8CED /* ScopeTests.xctest */ = {isa = PBXFileReference; explicitFileType = wrapper.cfbundle; includeInIndex = 0; path = ScopeTests.xctest; sourceTree = BUILT_PRODUCTS_DIR; };
		00C485801B2C8C0000EE8CED /* Info.plist */ = {isa = PBXFileReference; lastKnownFileType = text.plist.xml; path = Info.plist; sourceTree = "<group>"; };
		00C485811B2C8C0000EE8CED /* ScopeTests.swift */ = {isa = PBXFileReference; lastKnownFileType = sourcecode.swift; path = ScopeTests.swift; sourceTree = "<group>"; };
/* End PBXFileReference section */

/* Begin PBXFrameworksBuildPhase section */
		00C485631B2C8C0000EE8CED /* Frameworks */ = {
			isa = PBXFrameworksBuildPhase;
			buildActionMask = 2147483647;
			files = (
			);
			runOnlyForDeploymentPostprocessing = 0;
		};
		00C485781B2C8C0000EE8CED /* Frameworks */ = {
			isa = PBXFrameworksBuildPhase;
			buildActionMask = 2147483647;
			files = (
			);
			runOnlyForDeploymentPostprocessing = 0;
		};
/* End PBXFrameworksBuildPhase section */

/* Begin PBXGroup section */
		00C4855D1B2C8C0000EE8CED = {
			isa = PBXGroup;
			children = (
				00C485681B2C8C0000EE8CED /* Scope */,
				00C4857E1B2C8C0000EE8CED /* ScopeTests */,
				00C485671B2C8C0000EE8CED /* Products */,
			);
			sourceTree = "<group>";
		};
		00C485671B2C8C0000EE8CED /* Products */ = {
			isa = PBXGroup;
			children = (
				00C485661B2C8C0000EE8CED /* Scope.app */,
				00C4857B1B2C8C0000EE8CED /* ScopeTests.xctest */,
			);
			name = Products;
			sourceTree = "<group>";
		};
		00C485681B2C8C0000EE8CED /* Scope */ = {
			isa = PBXGroup;
			children = (
				00C4856B1B2C8C0000EE8CED /* AppDelegate.swift */,
				00C4856D1B2C8C0000EE8CED /* ViewController.swift */,
				00AD89031B2C981400B3C6C3 /* ScopeController.swift */,
				00AD89051B2C983600B3C6C3 /* ScopeBarView.swift */,
				00C4856F1B2C8C0000EE8CED /* Main.storyboard */,
				00C485721B2C8C0000EE8CED /* Images.xcassets */,
				00C485741B2C8C0000EE8CED /* LaunchScreen.xib */,
				00C485691B2C8C0000EE8CED /* Supporting Files */,
			);
			path = Scope;
			sourceTree = "<group>";
		};
		00C485691B2C8C0000EE8CED /* Supporting Files */ = {
			isa = PBXGroup;
			children = (
				00C4856A1B2C8C0000EE8CED /* Info.plist */,
			);
			name = "Supporting Files";
			sourceTree = "<group>";
		};
		00C4857E1B2C8C0000EE8CED /* ScopeTests */ = {
			isa = PBXGroup;
			children = (
				00C485811B2C8C0000EE8CED /* ScopeTests.swift */,
				00C4857F1B2C8C0000EE8CED /* Supporting Files */,
			);
			path = ScopeTests;
			sourceTree = "<group>";
		};
		00C4857F1B2C8C0000EE8CED /* Supporting Files */ = {
			isa = PBXGroup;
			children = (
				00C485801B2C8C0000EE8CED /* Info.plist */,
			);
			name = "Supporting Files";
			sourceTree = "<group>";
		};
/* End PBXGroup section */

/* Begin PBXNativeTarget section */
		00C485651B2C8C0000EE8CED /* Scope */ = {
			isa = PBXNativeTarget;
			buildConfigurationList = 00C485851B2C8C0000EE8CED /* Build configuration list for PBXNativeTarget "Scope" */;
			buildPhases = (
				00C485621B2C8C0000EE8CED /* Sources */,
				00C485631B2C8C0000EE8CED /* Frameworks */,
				00C485641B2C8C0000EE8CED /* Resources */,
			);
			buildRules = (
			);
			dependencies = (
			);
			name = Scope;
			productName = Scope;
			productReference = 00C485661B2C8C0000EE8CED /* Scope.app */;
			productType = "com.apple.product-type.application";
		};
		00C4857A1B2C8C0000EE8CED /* ScopeTests */ = {
			isa = PBXNativeTarget;
			buildConfigurationList = 00C485881B2C8C0000EE8CED /* Build configuration list for PBXNativeTarget "ScopeTests" */;
			buildPhases = (
				00C485771B2C8C0000EE8CED /* Sources */,
				00C485781B2C8C0000EE8CED /* Frameworks */,
				00C485791B2C8C0000EE8CED /* Resources */,
			);
			buildRules = (
			);
			dependencies = (
				00C4857D1B2C8C0000EE8CED /* PBXTargetDependency */,
			);
			name = ScopeTests;
			productName = ScopeTests;
			productReference = 00C4857B1B2C8C0000EE8CED /* ScopeTests.xctest */;
			productType = "com.apple.product-type.bundle.unit-test";
		};
/* End PBXNativeTarget section */

/* Begin PBXProject section */
		00C4855E1B2C8C0000EE8CED /* Project object */ = {
			isa = PBXProject;
			attributes = {
				LastUpgradeCheck = 0630;
				ORGANIZATIONNAME = "James Pickering";
				TargetAttributes = {
					00C485651B2C8C0000EE8CED = {
						CreatedOnToolsVersion = 6.3.2;
					};
					00C4857A1B2C8C0000EE8CED = {
						CreatedOnToolsVersion = 6.3.2;
						TestTargetID = 00C485651B2C8C0000EE8CED;
					};
				};
			};
			buildConfigurationList = 00C485611B2C8C0000EE8CED /* Build configuration list for PBXProject "Scope" */;
			compatibilityVersion = "Xcode 3.2";
			developmentRegion = English;
			hasScannedForEncodings = 0;
			knownRegions = (
				en,
				Base,
			);
			mainGroup = 00C4855D1B2C8C0000EE8CED;
			productRefGroup = 00C485671B2C8C0000EE8CED /* Products */;
			projectDirPath = "";
			projectRoot = "";
			targets = (
				00C485651B2C8C0000EE8CED /* Scope */,
				00C4857A1B2C8C0000EE8CED /* ScopeTests */,
			);
		};
/* End PBXProject section */

/* Begin PBXResourcesBuildPhase section */
		00C485641B2C8C0000EE8CED /* Resources */ = {
			isa = PBXResourcesBuildPhase;
			buildActionMask = 2147483647;
			files = (
				00C485711B2C8C0000EE8CED /* Main.storyboard in Resources */,
				00C485761B2C8C0000EE8CED /* LaunchScreen.xib in Resources */,
				00C485731B2C8C0000EE8CED /* Images.xcassets in Resources */,
			);
			runOnlyForDeploymentPostprocessing = 0;
		};
		00C485791B2C8C0000EE8CED /* Resources */ = {
			isa = PBXResourcesBuildPhase;
			buildActionMask = 2147483647;
			files = (
			);
			runOnlyForDeploymentPostprocessing = 0;
		};
/* End PBXResourcesBuildPhase section */

/* Begin PBXSourcesBuildPhase section */
		00C485621B2C8C0000EE8CED /* Sources */ = {
			isa = PBXSourcesBuildPhase;
			buildActionMask = 2147483647;
			files = (
				00C4856E1B2C8C0000EE8CED /* ViewController.swift in Sources */,
				00AD89041B2C981400B3C6C3 /* ScopeController.swift in Sources */,
				00C4856C1B2C8C0000EE8CED /* AppDelegate.swift in Sources */,
				00AD89061B2C983600B3C6C3 /* ScopeBarView.swift in Sources */,
			);
			runOnlyForDeploymentPostprocessing = 0;
		};
		00C485771B2C8C0000EE8CED /* Sources */ = {
			isa = PBXSourcesBuildPhase;
			buildActionMask = 2147483647;
			files = (
				00C485821B2C8C0000EE8CED /* ScopeTests.swift in Sources */,
			);
			runOnlyForDeploymentPostprocessing = 0;
		};
/* End PBXSourcesBuildPhase section */

/* Begin PBXTargetDependency section */
		00C4857D1B2C8C0000EE8CED /* PBXTargetDependency */ = {
			isa = PBXTargetDependency;
			target = 00C485651B2C8C0000EE8CED /* Scope */;
			targetProxy = 00C4857C1B2C8C0000EE8CED /* PBXContainerItemProxy */;
		};
/* End PBXTargetDependency section */

/* Begin PBXVariantGroup section */
		00C4856F1B2C8C0000EE8CED /* Main.storyboard */ = {
			isa = PBXVariantGroup;
			children = (
				00C485701B2C8C0000EE8CED /* Base */,
			);
			name = Main.storyboard;
			sourceTree = "<group>";
		};
		00C485741B2C8C0000EE8CED /* LaunchScreen.xib */ = {
			isa = PBXVariantGroup;
			children = (
				00C485751B2C8C0000EE8CED /* Base */,
			);
			name = LaunchScreen.xib;
			sourceTree = "<group>";
		};
/* End PBXVariantGroup section */

/* Begin XCBuildConfiguration section */
		00C485831B2C8C0000EE8CED /* Debug */ = {
			isa = XCBuildConfiguration;
			buildSettings = {
				ALWAYS_SEARCH_USER_PATHS = NO;
				CLANG_CXX_LANGUAGE_STANDARD = "gnu++0x";
				CLANG_CXX_LIBRARY = "libc++";
				CLANG_ENABLE_MODULES = YES;
				CLANG_ENABLE_OBJC_ARC = YES;
				CLANG_WARN_BOOL_CONVERSION = YES;
				CLANG_WARN_CONSTANT_CONVERSION = YES;
				CLANG_WARN_DIRECT_OBJC_ISA_USAGE = YES_ERROR;
				CLANG_WARN_EMPTY_BODY = YES;
				CLANG_WARN_ENUM_CONVERSION = YES;
				CLANG_WARN_INT_CONVERSION = YES;
				CLANG_WARN_OBJC_ROOT_CLASS = YES_ERROR;
				CLANG_WARN_UNREACHABLE_CODE = YES;
				CLANG_WARN__DUPLICATE_METHOD_MATCH = YES;
				"CODE_SIGN_IDENTITY[sdk=iphoneos*]" = "iPhone Developer";
				COPY_PHASE_STRIP = NO;
				DEBUG_INFORMATION_FORMAT = "dwarf-with-dsym";
				ENABLE_STRICT_OBJC_MSGSEND = YES;
				GCC_C_LANGUAGE_STANDARD = gnu99;
				GCC_DYNAMIC_NO_PIC = NO;
				GCC_NO_COMMON_BLOCKS = YES;
				GCC_OPTIMIZATION_LEVEL = 0;
				GCC_PREPROCESSOR_DEFINITIONS = (
					"DEBUG=1",
					"$(inherited)",
				);
				GCC_SYMBOLS_PRIVATE_EXTERN = NO;
				GCC_WARN_64_TO_32_BIT_CONVERSION = YES;
				GCC_WARN_ABOUT_RETURN_TYPE = YES_ERROR;
				GCC_WARN_UNDECLARED_SELECTOR = YES;
				GCC_WARN_UNINITIALIZED_AUTOS = YES_AGGRESSIVE;
				GCC_WARN_UNUSED_FUNCTION = YES;
				GCC_WARN_UNUSED_VARIABLE = YES;
				IPHONEOS_DEPLOYMENT_TARGET = 8.3;
				MTL_ENABLE_DEBUG_INFO = YES;
				ONLY_ACTIVE_ARCH = YES;
				SDKROOT = iphoneos;
				SWIFT_OPTIMIZATION_LEVEL = "-Onone";
				TARGETED_DEVICE_FAMILY = "1,2";
			};
			name = Debug;
		};
		00C485841B2C8C0000EE8CED /* Release */ = {
			isa = XCBuildConfiguration;
			buildSettings = {
				ALWAYS_SEARCH_USER_PATHS = NO;
				CLANG_CXX_LANGUAGE_STANDARD = "gnu++0x";
				CLANG_CXX_LIBRARY = "libc++";
				CLANG_ENABLE_MODULES = YES;
				CLANG_ENABLE_OBJC_ARC = YES;
				CLANG_WARN_BOOL_CONVERSION = YES;
				CLANG_WARN_CONSTANT_CONVERSION = YES;
				CLANG_WARN_DIRECT_OBJC_ISA_USAGE = YES_ERROR;
				CLANG_WARN_EMPTY_BODY = YES;
				CLANG_WARN_ENUM_CONVERSION = YES;
				CLANG_WARN_INT_CONVERSION = YES;
				CLANG_WARN_OBJC_ROOT_CLASS = YES_ERROR;
				CLANG_WARN_UNREACHABLE_CODE = YES;
				CLANG_WARN__DUPLICATE_METHOD_MATCH = YES;
				"CODE_SIGN_IDENTITY[sdk=iphoneos*]" = "iPhone Developer";
				COPY_PHASE_STRIP = NO;
				DEBUG_INFORMATION_FORMAT = "dwarf-with-dsym";
				ENABLE_NS_ASSERTIONS = NO;
				ENABLE_STRICT_OBJC_MSGSEND = YES;
				GCC_C_LANGUAGE_STANDARD = gnu99;
				GCC_NO_COMMON_BLOCKS = YES;
				GCC_WARN_64_TO_32_BIT_CONVERSION = YES;
				GCC_WARN_ABOUT_RETURN_TYPE = YES_ERROR;
				GCC_WARN_UNDECLARED_SELECTOR = YES;
				GCC_WARN_UNINITIALIZED_AUTOS = YES_AGGRESSIVE;
				GCC_WARN_UNUSED_FUNCTION = YES;
				GCC_WARN_UNUSED_VARIABLE = YES;
				IPHONEOS_DEPLOYMENT_TARGET = 8.3;
				MTL_ENABLE_DEBUG_INFO = NO;
				SDKROOT = iphoneos;
				TARGETED_DEVICE_FAMILY = "1,2";
				VALIDATE_PRODUCT = YES;
			};
			name = Release;
		};
		00C485861B2C8C0000EE8CED /* Debug */ = {
			isa = XCBuildConfiguration;
			buildSettings = {
				ASSETCATALOG_COMPILER_APPICON_NAME = AppIcon;
				INFOPLIST_FILE = Scope/Info.plist;
				LD_RUNPATH_SEARCH_PATHS = "$(inherited) @executable_path/Frameworks";
				PRODUCT_NAME = "$(TARGET_NAME)";
			};
			name = Debug;
		};
		00C485871B2C8C0000EE8CED /* Release */ = {
			isa = XCBuildConfiguration;
			buildSettings = {
				ASSETCATALOG_COMPILER_APPICON_NAME = AppIcon;
				INFOPLIST_FILE = Scope/Info.plist;
				LD_RUNPATH_SEARCH_PATHS = "$(inherited) @executable_path/Frameworks";
				PRODUCT_NAME = "$(TARGET_NAME)";
			};
			name = Release;
		};
		00C485891B2C8C0000EE8CED /* Debug */ = {
			isa = XCBuildConfiguration;
			buildSettings = {
				BUNDLE_LOADER = "$(TEST_HOST)";
				FRAMEWORK_SEARCH_PATHS = (
					"$(SDKROOT)/Developer/Library/Frameworks",
					"$(inherited)",
				);
				GCC_PREPROCESSOR_DEFINITIONS = (
					"DEBUG=1",
					"$(inherited)",
				);
				INFOPLIST_FILE = ScopeTests/Info.plist;
				LD_RUNPATH_SEARCH_PATHS = "$(inherited) @executable_path/Frameworks @loader_path/Frameworks";
				PRODUCT_NAME = "$(TARGET_NAME)";
				TEST_HOST = "$(BUILT_PRODUCTS_DIR)/Scope.app/Scope";
			};
			name = Debug;
		};
		00C4858A1B2C8C0000EE8CED /* Release */ = {
			isa = XCBuildConfiguration;
			buildSettings = {
				BUNDLE_LOADER = "$(TEST_HOST)";
				FRAMEWORK_SEARCH_PATHS = (
					"$(SDKROOT)/Developer/Library/Frameworks",
					"$(inherited)",
				);
				INFOPLIST_FILE = ScopeTests/Info.plist;
				LD_RUNPATH_SEARCH_PATHS = "$(inherited) @executable_path/Frameworks @loader_path/Frameworks";
				PRODUCT_NAME = "$(TARGET_NAME)";
				TEST_HOST = "$(BUILT_PRODUCTS_DIR)/Scope.app/Scope";
			};
			name = Release;
		};
/* End XCBuildConfiguration section */

/* Begin XCConfigurationList section */
		00C485611B2C8C0000EE8CED /* Build configuration list for PBXProject "Scope" */ = {
			isa = XCConfigurationList;
			buildConfigurations = (
				00C485831B2C8C0000EE8CED /* Debug */,
				00C485841B2C8C0000EE8CED /* Release */,
			);
			defaultConfigurationIsVisible = 0;
			defaultConfigurationName = Release;
		};
		00C485851B2C8C0000EE8CED /* Build configuration list for PBXNativeTarget "Scope" */ = {
			isa = XCConfigurationList;
			buildConfigurations = (
				00C485861B2C8C0000EE8CED /* Debug */,
				00C485871B2C8C0000EE8CED /* Release */,
			);
			defaultConfigurationIsVisible = 0;
			defaultConfigurationName = Release;
		};
		00C485881B2C8C0000EE8CED /* Build configuration list for PBXNativeTarget "ScopeTests" */ = {
			isa = XCConfigurationList;
			buildConfigurations = (
				00C485891B2C8C0000EE8CED /* Debug */,
				00C4858A1B2C8C0000EE8CED /* Release */,
			);
			defaultConfigurationIsVisible = 0;
			defaultConfigurationName = Release;
		};
/* End XCConfigurationList section */
	};
	rootObject = 00C4855E1B2C8C0000EE8CED /* Project object */;
}
